
Microsoft Visual Studio Solution File, Format Version 11.00
# Visual Studio 2010
Project("{2150E333-8FDC-42A3-9474-1A3956D46DE8}") = "Framework", "Framework", "{161072C0-1135-47A7-8C3C-5B3B998753A9}"
EndProject
Project("{2150E333-8FDC-42A3-9474-1A3956D46DE8}") = "AUT", "AUT", "{43F647BE-BBDF-4515-A1D3-BA59B452217F}"
EndProject
Project("{FAE04EC0-301F-11D3-BF4B-00C04F79EFBC}") = "Hobbit.Framework", "Hobbit.Framework\Hobbit.Framework.csproj", "{A5037F54-5804-4EF0-8E82-60129C8EF6FF}"
EndProject
Project("{FAE04EC0-301F-11D3-BF4B-00C04F79EFBC}") = "www.bing.com", "www.bing.com\www.bing.com.csproj", "{E54A44D0-550B-486D-8973-EF478F737599}"
EndProject
Project("{2150E333-8FDC-42A3-9474-1A3956D46DE8}") = "Solution Items", "Solution Items", "{A429697E-3556-4174-B826-E5F46B0132DA}"
	ProjectSection(SolutionItems) = preProject
		Hobbit.vsmdi = Hobbit.vsmdi
		Local.testsettings = Local.testsettings
		TraceAndTestImpact.testsettings = TraceAndTestImpact.testsettings
	EndProjectSection
EndProject
Global
	GlobalSection(TestCaseManagementSettings) = postSolution
		CategoryFile = Hobbit.vsmdi
	EndGlobalSection
	GlobalSection(SolutionConfigurationPlatforms) = preSolution
		Debug|Any CPU = Debug|Any CPU
		Release|Any CPU = Release|Any CPU
	EndGlobalSection
	GlobalSection(ProjectConfigurationPlatforms) = postSolution
		{A5037F54-5804-4EF0-8E82-60129C8EF6FF}.Debug|Any CPU.ActiveCfg = Debug|Any CPU
		{A5037F54-5804-4EF0-8E82-60129C8EF6FF}.Debug|Any CPU.Build.0 = Debug|Any CPU
		{A5037F54-5804-4EF0-8E82-60129C8EF6FF}.Release|Any CPU.ActiveCfg = Release|Any CPU
		{A5037F54-5804-4EF0-8E82-60129C8EF6FF}.Release|Any CPU.Build.0 = Release|Any CPU
		{E54A44D0-550B-486D-8973-EF478F737599}.Debug|Any CPU.ActiveCfg = Debug|Any CPU
		{E54A44D0-550B-486D-8973-EF478F737599}.Debug|Any CPU.Build.0 = Debug|Any CPU
		{E54A44D0-550B-486D-8973-EF478F737599}.Release|Any CPU.ActiveCfg = Release|Any CPU
		{E54A44D0-550B-486D-8973-EF478F737599}.Release|Any CPU.Build.0 = Release|Any CPU
	EndGlobalSection
	GlobalSection(SolutionProperties) = preSolution
		HideSolutionNode = FALSE
	EndGlobalSection
	GlobalSection(NestedProjects) = preSolution
		{A5037F54-5804-4EF0-8E82-60129C8EF6FF} = {161072C0-1135-47A7-8C3C-5B3B998753A9}
		{E54A44D0-550B-486D-8973-EF478F737599} = {43F647BE-BBDF-4515-A1D3-BA59B452217F}
		{A429697E-3556-4174-B826-E5F46B0132DA} = {43F647BE-BBDF-4515-A1D3-BA59B452217F}
	EndGlobalSection
EndGlobal
